{
    "hash": "7474ac6de5a84b886eee87bb3743f855",
    "packages": [

    ],
    "packages-dev": [
        {
            "package": "phake/phake",
            "version": "dev-master",
            "source-reference": "v1.0.3",
            "commit-date": "1337008011"
        }
    ],
    "aliases": [

    ],
    "minimum-stability": "stable",
    "stability-flags": {
        "phake/phake": 20
    }
}
